
Microsoft Visual Studio Solution File, Format Version 12.00
# Visual Studio Version 16
VisualStudioVersion = 16.0.29123.89
MinimumVisualStudioVersion = 10.0.40219.1
Project("{9A19103F-16F7-4668-BE54-9A1E7A4F7556}") = "QueueLoader", "QueueLoader\QueueLoader.csproj", "{C5B6EFF0-A170-4E6E-8F09-C3EF593A1F9E}"
EndProject
Project("{9A19103F-16F7-4668-BE54-9A1E7A4F7556}") = "KedaWorker", "KedaWorker\KedaWorker.csproj", "{9E0AF8DC-C659-4695-96D0-FAEA2E58F79F}"
EndProject
Global
	GlobalSection(SolutionConfigurationPlatforms) = preSolution
		Debug|Any CPU = Debug|Any CPU
		Release|Any CPU = Release|Any CPU
	EndGlobalSection
	GlobalSection(ProjectConfigurationPlatforms) = postSolution
		{C5B6EFF0-A170-4E6E-8F09-C3EF593A1F9E}.Debug|Any CPU.ActiveCfg = Debug|Any CPU
		{C5B6EFF0-A170-4E6E-8F09-C3EF593A1F9E}.Debug|Any CPU.Build.0 = Debug|Any CPU
		{C5B6EFF0-A170-4E6E-8F09-C3EF593A1F9E}.Release|Any CPU.ActiveCfg = Release|Any CPU
		{C5B6EFF0-A170-4E6E-8F09-C3EF593A1F9E}.Release|Any CPU.Build.0 = Release|Any CPU
		{9E0AF8DC-C659-4695-96D0-FAEA2E58F79F}.Debug|Any CPU.ActiveCfg = Debug|Any CPU
		{9E0AF8DC-C659-4695-96D0-FAEA2E58F79F}.Debug|Any CPU.Build.0 = Debug|Any CPU
		{9E0AF8DC-C659-4695-96D0-FAEA2E58F79F}.Release|Any CPU.ActiveCfg = Release|Any CPU
		{9E0AF8DC-C659-4695-96D0-FAEA2E58F79F}.Release|Any CPU.Build.0 = Release|Any CPU
	EndGlobalSection
	GlobalSection(SolutionProperties) = preSolution
		HideSolutionNode = FALSE
	EndGlobalSection
	GlobalSection(ExtensibilityGlobals) = postSolution
		SolutionGuid = {D711ABD8-2BFF-4163-BDF6-C2E0A31B5714}
	EndGlobalSection
EndGlobal
